content_blocks:
    pattern:  /
    defaults: { _controller: "MhCmsBundle:ContentBlock:index" }

content_blocks_show:
    pattern:  /{id}/show
    defaults: { _controller: "MhCmsBundle:ContentBlock:show" }

content_blocks_new:
    pattern:  /new
    defaults: { _controller: "MhCmsBundle:ContentBlock:new" }

content_blocks_create:
    pattern:  /create
    defaults: { _controller: "MhCmsBundle:ContentBlock:create" }
    requirements: { _method: post }

content_blocks_edit:
    pattern:  /{id}/edit
    defaults: { _controller: "MhCmsBundle:ContentBlock:edit" }

content_blocks_update:
    pattern:  /{id}/update
    defaults: { _controller: "MhCmsBundle:ContentBlock:update" }
    requirements: { _method: post }

content_blocks_delete:
    pattern:  /{id}/delete
    defaults: { _controller: "MhCmsBundle:ContentBlock:delete" }
    requirements: { _method: post }
